
Microsoft Visual Studio Solution File, Format Version 12.00
# Visual Studio Version 17
VisualStudioVersion = 17.3.32825.248
MinimumVisualStudioVersion = 10.0.40219.1
Project("{9A19103F-16F7-4668-BE54-9A1E7A4F7556}") = "P7_UrbanRead", "P7_UrbanRead\P7_UrbanRead.csproj", "{35717992-F248-4D5D-B8A0-75A088C913B3}"
EndProject
Project("{9A19103F-16F7-4668-BE54-9A1E7A4F7556}") = "WebUI", "WebUI\WebUI.csproj", "{B0F71E7C-B307-4979-BAFE-CAAE8B0C7741}"
EndProject
Global
	GlobalSection(SolutionConfigurationPlatforms) = preSolution
		Debug|Any CPU = Debug|Any CPU
		Release|Any CPU = Release|Any CPU
	EndGlobalSection
	GlobalSection(ProjectConfigurationPlatforms) = postSolution
		{35717992-F248-4D5D-B8A0-75A088C913B3}.Debug|Any CPU.ActiveCfg = Debug|Any CPU
		{35717992-F248-4D5D-B8A0-75A088C913B3}.Debug|Any CPU.Build.0 = Debug|Any CPU
		{35717992-F248-4D5D-B8A0-75A088C913B3}.Release|Any CPU.ActiveCfg = Release|Any CPU
		{35717992-F248-4D5D-B8A0-75A088C913B3}.Release|Any CPU.Build.0 = Release|Any CPU
		{B0F71E7C-B307-4979-BAFE-CAAE8B0C7741}.Debug|Any CPU.ActiveCfg = Debug|Any CPU
		{B0F71E7C-B307-4979-BAFE-CAAE8B0C7741}.Debug|Any CPU.Build.0 = Debug|Any CPU
		{B0F71E7C-B307-4979-BAFE-CAAE8B0C7741}.Release|Any CPU.ActiveCfg = Release|Any CPU
		{B0F71E7C-B307-4979-BAFE-CAAE8B0C7741}.Release|Any CPU.Build.0 = Release|Any CPU
	EndGlobalSection
	GlobalSection(SolutionProperties) = preSolution
		HideSolutionNode = FALSE
	EndGlobalSection
	GlobalSection(ExtensibilityGlobals) = postSolution
		SolutionGuid = {B0C111FA-8F44-4A76-8482-20FF81D4DB15}
	EndGlobalSection
EndGlobal
